
Microsoft Visual Studio Solution File, Format Version 12.00
# Visual Studio 2013
VisualStudioVersion = 12.0.30501.0
MinimumVisualStudioVersion = 10.0.40219.1
Project("{2150E333-8FDC-42A3-9474-1A3956D46DE8}") = "Workflow", "Workflow", "{F6792BA5-BA14-4680-9352-41AAFFC7CF17}"
EndProject
Project("{2150E333-8FDC-42A3-9474-1A3956D46DE8}") = "Data", "Data", "{E57A8E7E-ACCF-42CA-A803-1E99A54A1E44}"
EndProject
Project("{2150E333-8FDC-42A3-9474-1A3956D46DE8}") = "Libs", "Libs", "{09589614-3436-440F-B295-E315675629F5}"
EndProject
Project("{FAE04EC0-301F-11D3-BF4B-00C04F79EFBC}") = "Workflow.Data", "Workflow\Workflow.Data\Workflow.Data.csproj", "{26793B51-70AB-495A-A42F-41A9AD1D75AF}"
EndProject
Project("{FAE04EC0-301F-11D3-BF4B-00C04F79EFBC}") = "Thermo.Data.Hierarchical", "Workflow\Thermo.Data.Hierarchical\Thermo.Data.Hierarchical.csproj", "{B4551902-367C-4643-8828-76886B803623}"
EndProject
Project("{FAE04EC0-301F-11D3-BF4B-00C04F79EFBC}") = "Workflow.Contract", "Workflow\Workflow.Contract\Workflow.Contract.csproj", "{C1481D16-78E0-4DB6-853B-94D9CCE5B612}"
EndProject
Project("{FAE04EC0-301F-11D3-BF4B-00C04F79EFBC}") = "Thermo.Workflows", "Workflow\Thermo.Workflows\Thermo.Workflows.csproj", "{FB8BD2A6-FE2C-4F11-9F22-9EBE2CDA1326}"
EndProject
Project("{FAE04EC0-301F-11D3-BF4B-00C04F79EFBC}") = "Thermo.Workflows.Contracts", "Workflow\Thermo.Workflows.Contracts\Thermo.Workflows.Contracts.csproj", "{006331CF-1915-40AA-ADB8-599C297D9778}"
EndProject
Project("{FAE04EC0-301F-11D3-BF4B-00C04F79EFBC}") = "Mneme.Data", "Data\Mneme.Data\Mneme.Data.csproj", "{D133EE97-0B16-4313-8731-0614583315E2}"
EndProject
Project("{FAE04EC0-301F-11D3-BF4B-00C04F79EFBC}") = "Mneme.WCFUtility", "Libs\Mneme.WCFUtility\Mneme.WCFUtility.csproj", "{004EEAEA-85F7-4390-85DA-4EC5B51B01AC}"
EndProject
Project("{FAE04EC0-301F-11D3-BF4B-00C04F79EFBC}") = "Mneme.Utility", "Libs\Mneme.Utility\Mneme.Utility.csproj", "{8C76935B-AEBA-4F23-A3F5-18B4C37CF25E}"
EndProject
Project("{FAE04EC0-301F-11D3-BF4B-00C04F79EFBC}") = "Mneme.WorkflowSolver", "Libs\Mneme.WorkflowSolver\Mneme.WorkflowSolver.csproj", "{944BF411-B564-4D98-9262-FAC3B1B91C89}"
EndProject
Project("{2150E333-8FDC-42A3-9474-1A3956D46DE8}") = "Uis", "Uis", "{61726301-2D75-4185-9858-986CD8369FCB}"
EndProject
Project("{FAE04EC0-301F-11D3-BF4B-00C04F79EFBC}") = "WPGBrushEditor", "UIs\WPGBrushEditor\WPGBrushEditor.csproj", "{E26BC89B-3B66-4E96-8FE2-655BD10CFB1B}"
EndProject
Project("{FAE04EC0-301F-11D3-BF4B-00C04F79EFBC}") = "WPG", "UIs\WPG\WPG.csproj", "{022EDA6A-0B76-44C3-A530-8312C1B40030}"
EndProject
Project("{FAE04EC0-301F-11D3-BF4B-00C04F79EFBC}") = "Mneme.UiUtility", "UIs\Mneme.UiUtility\Mneme.UiUtility.csproj", "{58BA8AB4-79AB-41EA-A2AC-63784BF600C1}"
EndProject
Project("{FAE04EC0-301F-11D3-BF4B-00C04F79EFBC}") = "DBConnectControl", "UIs\DBConnectControl\DBConnectControl.csproj", "{F1184637-2A1A-450D-95FB-48DF6330517D}"
EndProject
Project("{FAE04EC0-301F-11D3-BF4B-00C04F79EFBC}") = "Utility", "UIs\Utility\Utility.csproj", "{8127FC04-FD72-4EA5-98D2-07D0DE5215F7}"
EndProject
Project("{2150E333-8FDC-42A3-9474-1A3956D46DE8}") = "Apps", "Apps", "{A268485A-74EF-441F-ACF4-FE8B96DE6309}"
EndProject
Project("{FAE04EC0-301F-11D3-BF4B-00C04F79EFBC}") = "DiagramDesigner", "Apps\DiagramDesigner\DiagramDesigner.csproj", "{B437DF5F-20E0-4082-A92E-5C1D9C31A8E9}"
EndProject
Project("{FAE04EC0-301F-11D3-BF4B-00C04F79EFBC}") = "Mneme.ProcessLocator", "Libs\Mneme.ProcessLocator\Mneme.ProcessLocator.csproj", "{0743D452-8C36-42C3-85E0-9088CF251EF5}"
EndProject
Project("{2150E333-8FDC-42A3-9474-1A3956D46DE8}") = "Server", "Server", "{0AC8505B-C657-42CD-810E-E581F1949A15}"
EndProject
Project("{FAE04EC0-301F-11D3-BF4B-00C04F79EFBC}") = "Mneme.WinService", "Server\Mneme.WinService\Mneme.WinService.csproj", "{E7294BEC-5ACF-435E-8D65-D123C04925CC}"
EndProject
Project("{FAE04EC0-301F-11D3-BF4B-00C04F79EFBC}") = "Mneme.Workflows", "Workflow\Mneme.Workflows\Mneme.Workflows.csproj", "{466D0B5E-2BF7-4F0C-BE2C-54393403800E}"
EndProject
Project("{FAE04EC0-301F-11D3-BF4B-00C04F79EFBC}") = "Workflow.Activities", "Workflow\Workflow.Activities\Workflow.Activities.csproj", "{67CA57DB-0F28-4235-84F9-36A9AF320E9F}"
EndProject
Project("{2150E333-8FDC-42A3-9474-1A3956D46DE8}") = "Tests", "Tests", "{507420AE-8CC3-47FC-BCB9-9C1BB4B6C39D}"
EndProject
Global
	GlobalSection(SolutionConfigurationPlatforms) = preSolution
		Debug|Any CPU = Debug|Any CPU
		Debug|Mixed Platforms = Debug|Mixed Platforms
		Debug|x86 = Debug|x86
		Part1|Any CPU = Part1|Any CPU
		Part1|Mixed Platforms = Part1|Mixed Platforms
		Part1|x86 = Part1|x86
		Release|Any CPU = Release|Any CPU
		Release|Mixed Platforms = Release|Mixed Platforms
		Release|x86 = Release|x86
	EndGlobalSection
	GlobalSection(ProjectConfigurationPlatforms) = postSolution
		{26793B51-70AB-495A-A42F-41A9AD1D75AF}.Debug|Any CPU.ActiveCfg = Debug|Any CPU
		{26793B51-70AB-495A-A42F-41A9AD1D75AF}.Debug|Any CPU.Build.0 = Debug|Any CPU
		{26793B51-70AB-495A-A42F-41A9AD1D75AF}.Debug|Mixed Platforms.ActiveCfg = Debug|Any CPU
		{26793B51-70AB-495A-A42F-41A9AD1D75AF}.Debug|Mixed Platforms.Build.0 = Debug|Any CPU
		{26793B51-70AB-495A-A42F-41A9AD1D75AF}.Debug|x86.ActiveCfg = Debug|Any CPU
		{26793B51-70AB-495A-A42F-41A9AD1D75AF}.Part1|Any CPU.ActiveCfg = Release|Any CPU
		{26793B51-70AB-495A-A42F-41A9AD1D75AF}.Part1|Any CPU.Build.0 = Release|Any CPU
		{26793B51-70AB-495A-A42F-41A9AD1D75AF}.Part1|Mixed Platforms.ActiveCfg = Release|Any CPU
		{26793B51-70AB-495A-A42F-41A9AD1D75AF}.Part1|Mixed Platforms.Build.0 = Release|Any CPU
		{26793B51-70AB-495A-A42F-41A9AD1D75AF}.Part1|x86.ActiveCfg = Release|Any CPU
		{26793B51-70AB-495A-A42F-41A9AD1D75AF}.Release|Any CPU.ActiveCfg = Release|Any CPU
		{26793B51-70AB-495A-A42F-41A9AD1D75AF}.Release|Any CPU.Build.0 = Release|Any CPU
		{26793B51-70AB-495A-A42F-41A9AD1D75AF}.Release|Mixed Platforms.ActiveCfg = Release|Any CPU
		{26793B51-70AB-495A-A42F-41A9AD1D75AF}.Release|Mixed Platforms.Build.0 = Release|Any CPU
		{26793B51-70AB-495A-A42F-41A9AD1D75AF}.Release|x86.ActiveCfg = Release|Any CPU
		{B4551902-367C-4643-8828-76886B803623}.Debug|Any CPU.ActiveCfg = Debug|Any CPU
		{B4551902-367C-4643-8828-76886B803623}.Debug|Any CPU.Build.0 = Debug|Any CPU
		{B4551902-367C-4643-8828-76886B803623}.Debug|Mixed Platforms.ActiveCfg = Debug|Any CPU
		{B4551902-367C-4643-8828-76886B803623}.Debug|Mixed Platforms.Build.0 = Debug|Any CPU
		{B4551902-367C-4643-8828-76886B803623}.Debug|x86.ActiveCfg = Debug|Any CPU
		{B4551902-367C-4643-8828-76886B803623}.Part1|Any CPU.ActiveCfg = Release|Any CPU
		{B4551902-367C-4643-8828-76886B803623}.Part1|Any CPU.Build.0 = Release|Any CPU
		{B4551902-367C-4643-8828-76886B803623}.Part1|Mixed Platforms.ActiveCfg = Release|Any CPU
		{B4551902-367C-4643-8828-76886B803623}.Part1|Mixed Platforms.Build.0 = Release|Any CPU
		{B4551902-367C-4643-8828-76886B803623}.Part1|x86.ActiveCfg = Release|Any CPU
		{B4551902-367C-4643-8828-76886B803623}.Release|Any CPU.ActiveCfg = Release|Any CPU
		{B4551902-367C-4643-8828-76886B803623}.Release|Any CPU.Build.0 = Release|Any CPU
		{B4551902-367C-4643-8828-76886B803623}.Release|Mixed Platforms.ActiveCfg = Release|Any CPU
		{B4551902-367C-4643-8828-76886B803623}.Release|Mixed Platforms.Build.0 = Release|Any CPU
		{B4551902-367C-4643-8828-76886B803623}.Release|x86.ActiveCfg = Release|Any CPU
		{C1481D16-78E0-4DB6-853B-94D9CCE5B612}.Debug|Any CPU.ActiveCfg = Debug|Any CPU
		{C1481D16-78E0-4DB6-853B-94D9CCE5B612}.Debug|Any CPU.Build.0 = Debug|Any CPU
		{C1481D16-78E0-4DB6-853B-94D9CCE5B612}.Debug|Mixed Platforms.ActiveCfg = Debug|Any CPU
		{C1481D16-78E0-4DB6-853B-94D9CCE5B612}.Debug|Mixed Platforms.Build.0 = Debug|Any CPU
		{C1481D16-78E0-4DB6-853B-94D9CCE5B612}.Debug|x86.ActiveCfg = Debug|Any CPU
		{C1481D16-78E0-4DB6-853B-94D9CCE5B612}.Part1|Any CPU.ActiveCfg = Release|Any CPU
		{C1481D16-78E0-4DB6-853B-94D9CCE5B612}.Part1|Any CPU.Build.0 = Release|Any CPU
		{C1481D16-78E0-4DB6-853B-94D9CCE5B612}.Part1|Mixed Platforms.ActiveCfg = Release|Any CPU
		{C1481D16-78E0-4DB6-853B-94D9CCE5B612}.Part1|Mixed Platforms.Build.0 = Release|Any CPU
		{C1481D16-78E0-4DB6-853B-94D9CCE5B612}.Part1|x86.ActiveCfg = Release|Any CPU
		{C1481D16-78E0-4DB6-853B-94D9CCE5B612}.Release|Any CPU.ActiveCfg = Release|Any CPU
		{C1481D16-78E0-4DB6-853B-94D9CCE5B612}.Release|Any CPU.Build.0 = Release|Any CPU
		{C1481D16-78E0-4DB6-853B-94D9CCE5B612}.Release|Mixed Platforms.ActiveCfg = Release|Any CPU
		{C1481D16-78E0-4DB6-853B-94D9CCE5B612}.Release|Mixed Platforms.Build.0 = Release|Any CPU
		{C1481D16-78E0-4DB6-853B-94D9CCE5B612}.Release|x86.ActiveCfg = Release|Any CPU
		{FB8BD2A6-FE2C-4F11-9F22-9EBE2CDA1326}.Debug|Any CPU.ActiveCfg = Debug|Any CPU
		{FB8BD2A6-FE2C-4F11-9F22-9EBE2CDA1326}.Debug|Any CPU.Build.0 = Debug|Any CPU
		{FB8BD2A6-FE2C-4F11-9F22-9EBE2CDA1326}.Debug|Mixed Platforms.ActiveCfg = Debug|Any CPU
		{FB8BD2A6-FE2C-4F11-9F22-9EBE2CDA1326}.Debug|Mixed Platforms.Build.0 = Debug|Any CPU
		{FB8BD2A6-FE2C-4F11-9F22-9EBE2CDA1326}.Debug|x86.ActiveCfg = Debug|Any CPU
		{FB8BD2A6-FE2C-4F11-9F22-9EBE2CDA1326}.Part1|Any CPU.ActiveCfg = Release|Any CPU
		{FB8BD2A6-FE2C-4F11-9F22-9EBE2CDA1326}.Part1|Any CPU.Build.0 = Release|Any CPU
		{FB8BD2A6-FE2C-4F11-9F22-9EBE2CDA1326}.Part1|Mixed Platforms.ActiveCfg = Release|Any CPU
		{FB8BD2A6-FE2C-4F11-9F22-9EBE2CDA1326}.Part1|Mixed Platforms.Build.0 = Release|Any CPU
		{FB8BD2A6-FE2C-4F11-9F22-9EBE2CDA1326}.Part1|x86.ActiveCfg = Release|Any CPU
		{FB8BD2A6-FE2C-4F11-9F22-9EBE2CDA1326}.Release|Any CPU.ActiveCfg = Release|Any CPU
		{FB8BD2A6-FE2C-4F11-9F22-9EBE2CDA1326}.Release|Any CPU.Build.0 = Release|Any CPU
		{FB8BD2A6-FE2C-4F11-9F22-9EBE2CDA1326}.Release|Mixed Platforms.ActiveCfg = Release|Any CPU
		{FB8BD2A6-FE2C-4F11-9F22-9EBE2CDA1326}.Release|Mixed Platforms.Build.0 = Release|Any CPU
		{FB8BD2A6-FE2C-4F11-9F22-9EBE2CDA1326}.Release|x86.ActiveCfg = Release|Any CPU
		{006331CF-1915-40AA-ADB8-599C297D9778}.Debug|Any CPU.ActiveCfg = Debug|Any CPU
		{006331CF-1915-40AA-ADB8-599C297D9778}.Debug|Any CPU.Build.0 = Debug|Any CPU
		{006331CF-1915-40AA-ADB8-599C297D9778}.Debug|Mixed Platforms.ActiveCfg = Debug|Any CPU
		{006331CF-1915-40AA-ADB8-599C297D9778}.Debug|Mixed Platforms.Build.0 = Debug|Any CPU
		{006331CF-1915-40AA-ADB8-599C297D9778}.Debug|x86.ActiveCfg = Debug|Any CPU
		{006331CF-1915-40AA-ADB8-599C297D9778}.Part1|Any CPU.ActiveCfg = Release|Any CPU
		{006331CF-1915-40AA-ADB8-599C297D9778}.Part1|Any CPU.Build.0 = Release|Any CPU
		{006331CF-1915-40AA-ADB8-599C297D9778}.Part1|Mixed Platforms.ActiveCfg = Release|Any CPU
		{006331CF-1915-40AA-ADB8-599C297D9778}.Part1|Mixed Platforms.Build.0 = Release|Any CPU
		{006331CF-1915-40AA-ADB8-599C297D9778}.Part1|x86.ActiveCfg = Release|Any CPU
		{006331CF-1915-40AA-ADB8-599C297D9778}.Release|Any CPU.ActiveCfg = Release|Any CPU
		{006331CF-1915-40AA-ADB8-599C297D9778}.Release|Any CPU.Build.0 = Release|Any CPU
		{006331CF-1915-40AA-ADB8-599C297D9778}.Release|Mixed Platforms.ActiveCfg = Release|Any CPU
		{006331CF-1915-40AA-ADB8-599C297D9778}.Release|Mixed Platforms.Build.0 = Release|Any CPU
		{006331CF-1915-40AA-ADB8-599C297D9778}.Release|x86.ActiveCfg = Release|Any CPU
		{D133EE97-0B16-4313-8731-0614583315E2}.Debug|Any CPU.ActiveCfg = Debug|Any CPU
		{D133EE97-0B16-4313-8731-0614583315E2}.Debug|Any CPU.Build.0 = Debug|Any CPU
		{D133EE97-0B16-4313-8731-0614583315E2}.Debug|Mixed Platforms.ActiveCfg = Debug|Any CPU
		{D133EE97-0B16-4313-8731-0614583315E2}.Debug|Mixed Platforms.Build.0 = Debug|Any CPU
		{D133EE97-0B16-4313-8731-0614583315E2}.Debug|x86.ActiveCfg = Debug|Any CPU
		{D133EE97-0B16-4313-8731-0614583315E2}.Part1|Any CPU.ActiveCfg = Release|Any CPU
		{D133EE97-0B16-4313-8731-0614583315E2}.Part1|Any CPU.Build.0 = Release|Any CPU
		{D133EE97-0B16-4313-8731-0614583315E2}.Part1|Mixed Platforms.ActiveCfg = Release|Any CPU
		{D133EE97-0B16-4313-8731-0614583315E2}.Part1|Mixed Platforms.Build.0 = Release|Any CPU
		{D133EE97-0B16-4313-8731-0614583315E2}.Part1|x86.ActiveCfg = Release|Any CPU
		{D133EE97-0B16-4313-8731-0614583315E2}.Release|Any CPU.ActiveCfg = Release|Any CPU
		{D133EE97-0B16-4313-8731-0614583315E2}.Release|Any CPU.Build.0 = Release|Any CPU
		{D133EE97-0B16-4313-8731-0614583315E2}.Release|Mixed Platforms.ActiveCfg = Release|Any CPU
		{D133EE97-0B16-4313-8731-0614583315E2}.Release|Mixed Platforms.Build.0 = Release|Any CPU
		{D133EE97-0B16-4313-8731-0614583315E2}.Release|x86.ActiveCfg = Release|Any CPU
		{004EEAEA-85F7-4390-85DA-4EC5B51B01AC}.Debug|Any CPU.ActiveCfg = Debug|Any CPU
		{004EEAEA-85F7-4390-85DA-4EC5B51B01AC}.Debug|Any CPU.Build.0 = Debug|Any CPU
		{004EEAEA-85F7-4390-85DA-4EC5B51B01AC}.Debug|Mixed Platforms.ActiveCfg = Debug|Any CPU
		{004EEAEA-85F7-4390-85DA-4EC5B51B01AC}.Debug|Mixed Platforms.Build.0 = Debug|Any CPU
		{004EEAEA-85F7-4390-85DA-4EC5B51B01AC}.Debug|x86.ActiveCfg = Debug|Any CPU
		{004EEAEA-85F7-4390-85DA-4EC5B51B01AC}.Part1|Any CPU.ActiveCfg = Release|Any CPU
		{004EEAEA-85F7-4390-85DA-4EC5B51B01AC}.Part1|Any CPU.Build.0 = Release|Any CPU
		{004EEAEA-85F7-4390-85DA-4EC5B51B01AC}.Part1|Mixed Platforms.ActiveCfg = Release|Any CPU
		{004EEAEA-85F7-4390-85DA-4EC5B51B01AC}.Part1|Mixed Platforms.Build.0 = Release|Any CPU
		{004EEAEA-85F7-4390-85DA-4EC5B51B01AC}.Part1|x86.ActiveCfg = Release|Any CPU
		{004EEAEA-85F7-4390-85DA-4EC5B51B01AC}.Release|Any CPU.ActiveCfg = Release|Any CPU
		{004EEAEA-85F7-4390-85DA-4EC5B51B01AC}.Release|Any CPU.Build.0 = Release|Any CPU
		{004EEAEA-85F7-4390-85DA-4EC5B51B01AC}.Release|Mixed Platforms.ActiveCfg = Release|Any CPU
		{004EEAEA-85F7-4390-85DA-4EC5B51B01AC}.Release|Mixed Platforms.Build.0 = Release|Any CPU
		{004EEAEA-85F7-4390-85DA-4EC5B51B01AC}.Release|x86.ActiveCfg = Release|Any CPU
		{8C76935B-AEBA-4F23-A3F5-18B4C37CF25E}.Debug|Any CPU.ActiveCfg = Debug|Any CPU
		{8C76935B-AEBA-4F23-A3F5-18B4C37CF25E}.Debug|Any CPU.Build.0 = Debug|Any CPU
		{8C76935B-AEBA-4F23-A3F5-18B4C37CF25E}.Debug|Mixed Platforms.ActiveCfg = Debug|Any CPU
		{8C76935B-AEBA-4F23-A3F5-18B4C37CF25E}.Debug|Mixed Platforms.Build.0 = Debug|Any CPU
		{8C76935B-AEBA-4F23-A3F5-18B4C37CF25E}.Debug|x86.ActiveCfg = Debug|Any CPU
		{8C76935B-AEBA-4F23-A3F5-18B4C37CF25E}.Part1|Any CPU.ActiveCfg = Release|Any CPU
		{8C76935B-AEBA-4F23-A3F5-18B4C37CF25E}.Part1|Any CPU.Build.0 = Release|Any CPU
		{8C76935B-AEBA-4F23-A3F5-18B4C37CF25E}.Part1|Mixed Platforms.ActiveCfg = Release|Any CPU
		{8C76935B-AEBA-4F23-A3F5-18B4C37CF25E}.Part1|Mixed Platforms.Build.0 = Release|Any CPU
		{8C76935B-AEBA-4F23-A3F5-18B4C37CF25E}.Part1|x86.ActiveCfg = Release|Any CPU
		{8C76935B-AEBA-4F23-A3F5-18B4C37CF25E}.Release|Any CPU.ActiveCfg = Release|Any CPU
		{8C76935B-AEBA-4F23-A3F5-18B4C37CF25E}.Release|Any CPU.Build.0 = Release|Any CPU
		{8C76935B-AEBA-4F23-A3F5-18B4C37CF25E}.Release|Mixed Platforms.ActiveCfg = Release|Any CPU
		{8C76935B-AEBA-4F23-A3F5-18B4C37CF25E}.Release|Mixed Platforms.Build.0 = Release|Any CPU
		{8C76935B-AEBA-4F23-A3F5-18B4C37CF25E}.Release|x86.ActiveCfg = Release|Any CPU
		{944BF411-B564-4D98-9262-FAC3B1B91C89}.Debug|Any CPU.ActiveCfg = Debug|Any CPU
		{944BF411-B564-4D98-9262-FAC3B1B91C89}.Debug|Any CPU.Build.0 = Debug|Any CPU
		{944BF411-B564-4D98-9262-FAC3B1B91C89}.Debug|Mixed Platforms.ActiveCfg = Debug|Any CPU
		{944BF411-B564-4D98-9262-FAC3B1B91C89}.Debug|Mixed Platforms.Build.0 = Debug|Any CPU
		{944BF411-B564-4D98-9262-FAC3B1B91C89}.Debug|x86.ActiveCfg = Debug|Any CPU
		{944BF411-B564-4D98-9262-FAC3B1B91C89}.Part1|Any CPU.ActiveCfg = Release|Any CPU
		{944BF411-B564-4D98-9262-FAC3B1B91C89}.Part1|Any CPU.Build.0 = Release|Any CPU
		{944BF411-B564-4D98-9262-FAC3B1B91C89}.Part1|Mixed Platforms.ActiveCfg = Release|Any CPU
		{944BF411-B564-4D98-9262-FAC3B1B91C89}.Part1|Mixed Platforms.Build.0 = Release|Any CPU
		{944BF411-B564-4D98-9262-FAC3B1B91C89}.Part1|x86.ActiveCfg = Release|Any CPU
		{944BF411-B564-4D98-9262-FAC3B1B91C89}.Release|Any CPU.ActiveCfg = Release|Any CPU
		{944BF411-B564-4D98-9262-FAC3B1B91C89}.Release|Any CPU.Build.0 = Release|Any CPU
		{944BF411-B564-4D98-9262-FAC3B1B91C89}.Release|Mixed Platforms.ActiveCfg = Release|Any CPU
		{944BF411-B564-4D98-9262-FAC3B1B91C89}.Release|Mixed Platforms.Build.0 = Release|Any CPU
		{944BF411-B564-4D98-9262-FAC3B1B91C89}.Release|x86.ActiveCfg = Release|Any CPU
		{E26BC89B-3B66-4E96-8FE2-655BD10CFB1B}.Debug|Any CPU.ActiveCfg = Debug|Any CPU
		{E26BC89B-3B66-4E96-8FE2-655BD10CFB1B}.Debug|Any CPU.Build.0 = Debug|Any CPU
		{E26BC89B-3B66-4E96-8FE2-655BD10CFB1B}.Debug|Mixed Platforms.ActiveCfg = Debug|Any CPU
		{E26BC89B-3B66-4E96-8FE2-655BD10CFB1B}.Debug|Mixed Platforms.Build.0 = Debug|Any CPU
		{E26BC89B-3B66-4E96-8FE2-655BD10CFB1B}.Debug|x86.ActiveCfg = Debug|Any CPU
		{E26BC89B-3B66-4E96-8FE2-655BD10CFB1B}.Part1|Any CPU.ActiveCfg = Release|Any CPU
		{E26BC89B-3B66-4E96-8FE2-655BD10CFB1B}.Part1|Any CPU.Build.0 = Release|Any CPU
		{E26BC89B-3B66-4E96-8FE2-655BD10CFB1B}.Part1|Mixed Platforms.ActiveCfg = Release|Any CPU
		{E26BC89B-3B66-4E96-8FE2-655BD10CFB1B}.Part1|Mixed Platforms.Build.0 = Release|Any CPU
		{E26BC89B-3B66-4E96-8FE2-655BD10CFB1B}.Part1|x86.ActiveCfg = Release|Any CPU
		{E26BC89B-3B66-4E96-8FE2-655BD10CFB1B}.Release|Any CPU.ActiveCfg = Release|Any CPU
		{E26BC89B-3B66-4E96-8FE2-655BD10CFB1B}.Release|Any CPU.Build.0 = Release|Any CPU
		{E26BC89B-3B66-4E96-8FE2-655BD10CFB1B}.Release|Mixed Platforms.ActiveCfg = Release|Any CPU
		{E26BC89B-3B66-4E96-8FE2-655BD10CFB1B}.Release|Mixed Platforms.Build.0 = Release|Any CPU
		{E26BC89B-3B66-4E96-8FE2-655BD10CFB1B}.Release|x86.ActiveCfg = Release|Any CPU
		{022EDA6A-0B76-44C3-A530-8312C1B40030}.Debug|Any CPU.ActiveCfg = Debug|Any CPU
		{022EDA6A-0B76-44C3-A530-8312C1B40030}.Debug|Any CPU.Build.0 = Debug|Any CPU
		{022EDA6A-0B76-44C3-A530-8312C1B40030}.Debug|Mixed Platforms.ActiveCfg = Debug|Any CPU
		{022EDA6A-0B76-44C3-A530-8312C1B40030}.Debug|Mixed Platforms.Build.0 = Debug|Any CPU
		{022EDA6A-0B76-44C3-A530-8312C1B40030}.Debug|x86.ActiveCfg = Debug|Any CPU
		{022EDA6A-0B76-44C3-A530-8312C1B40030}.Part1|Any CPU.ActiveCfg = Part1|Any CPU
		{022EDA6A-0B76-44C3-A530-8312C1B40030}.Part1|Any CPU.Build.0 = Part1|Any CPU
		{022EDA6A-0B76-44C3-A530-8312C1B40030}.Part1|Mixed Platforms.ActiveCfg = Part1|Any CPU
		{022EDA6A-0B76-44C3-A530-8312C1B40030}.Part1|Mixed Platforms.Build.0 = Part1|Any CPU
		{022EDA6A-0B76-44C3-A530-8312C1B40030}.Part1|x86.ActiveCfg = Part1|Any CPU
		{022EDA6A-0B76-44C3-A530-8312C1B40030}.Release|Any CPU.ActiveCfg = Release|Any CPU
		{022EDA6A-0B76-44C3-A530-8312C1B40030}.Release|Any CPU.Build.0 = Release|Any CPU
		{022EDA6A-0B76-44C3-A530-8312C1B40030}.Release|Mixed Platforms.ActiveCfg = Release|Any CPU
		{022EDA6A-0B76-44C3-A530-8312C1B40030}.Release|Mixed Platforms.Build.0 = Release|Any CPU
		{022EDA6A-0B76-44C3-A530-8312C1B40030}.Release|x86.ActiveCfg = Release|Any CPU
		{58BA8AB4-79AB-41EA-A2AC-63784BF600C1}.Debug|Any CPU.ActiveCfg = Debug|Any CPU
		{58BA8AB4-79AB-41EA-A2AC-63784BF600C1}.Debug|Any CPU.Build.0 = Debug|Any CPU
		{58BA8AB4-79AB-41EA-A2AC-63784BF600C1}.Debug|Mixed Platforms.ActiveCfg = Debug|Any CPU
		{58BA8AB4-79AB-41EA-A2AC-63784BF600C1}.Debug|Mixed Platforms.Build.0 = Debug|Any CPU
		{58BA8AB4-79AB-41EA-A2AC-63784BF600C1}.Debug|x86.ActiveCfg = Debug|Any CPU
		{58BA8AB4-79AB-41EA-A2AC-63784BF600C1}.Part1|Any CPU.ActiveCfg = Release|Any CPU
		{58BA8AB4-79AB-41EA-A2AC-63784BF600C1}.Part1|Any CPU.Build.0 = Release|Any CPU
		{58BA8AB4-79AB-41EA-A2AC-63784BF600C1}.Part1|Mixed Platforms.ActiveCfg = Release|Any CPU
		{58BA8AB4-79AB-41EA-A2AC-63784BF600C1}.Part1|Mixed Platforms.Build.0 = Release|Any CPU
		{58BA8AB4-79AB-41EA-A2AC-63784BF600C1}.Part1|x86.ActiveCfg = Release|Any CPU
		{58BA8AB4-79AB-41EA-A2AC-63784BF600C1}.Release|Any CPU.ActiveCfg = Release|Any CPU
		{58BA8AB4-79AB-41EA-A2AC-63784BF600C1}.Release|Any CPU.Build.0 = Release|Any CPU
		{58BA8AB4-79AB-41EA-A2AC-63784BF600C1}.Release|Mixed Platforms.ActiveCfg = Release|Any CPU
		{58BA8AB4-79AB-41EA-A2AC-63784BF600C1}.Release|Mixed Platforms.Build.0 = Release|Any CPU
		{58BA8AB4-79AB-41EA-A2AC-63784BF600C1}.Release|x86.ActiveCfg = Release|Any CPU
		{F1184637-2A1A-450D-95FB-48DF6330517D}.Debug|Any CPU.ActiveCfg = Debug|Any CPU
		{F1184637-2A1A-450D-95FB-48DF6330517D}.Debug|Any CPU.Build.0 = Debug|Any CPU
		{F1184637-2A1A-450D-95FB-48DF6330517D}.Debug|Mixed Platforms.ActiveCfg = Debug|Any CPU
		{F1184637-2A1A-450D-95FB-48DF6330517D}.Debug|Mixed Platforms.Build.0 = Debug|Any CPU
		{F1184637-2A1A-450D-95FB-48DF6330517D}.Debug|x86.ActiveCfg = Debug|Any CPU
		{F1184637-2A1A-450D-95FB-48DF6330517D}.Part1|Any CPU.ActiveCfg = Release|Any CPU
		{F1184637-2A1A-450D-95FB-48DF6330517D}.Part1|Any CPU.Build.0 = Release|Any CPU
		{F1184637-2A1A-450D-95FB-48DF6330517D}.Part1|Mixed Platforms.ActiveCfg = Release|Any CPU
		{F1184637-2A1A-450D-95FB-48DF6330517D}.Part1|Mixed Platforms.Build.0 = Release|Any CPU
		{F1184637-2A1A-450D-95FB-48DF6330517D}.Part1|x86.ActiveCfg = Release|Any CPU
		{F1184637-2A1A-450D-95FB-48DF6330517D}.Release|Any CPU.ActiveCfg = Release|Any CPU
		{F1184637-2A1A-450D-95FB-48DF6330517D}.Release|Any CPU.Build.0 = Release|Any CPU
		{F1184637-2A1A-450D-95FB-48DF6330517D}.Release|Mixed Platforms.ActiveCfg = Release|Any CPU
		{F1184637-2A1A-450D-95FB-48DF6330517D}.Release|Mixed Platforms.Build.0 = Release|Any CPU
		{F1184637-2A1A-450D-95FB-48DF6330517D}.Release|x86.ActiveCfg = Release|Any CPU
		{8127FC04-FD72-4EA5-98D2-07D0DE5215F7}.Debug|Any CPU.ActiveCfg = Debug|Any CPU
		{8127FC04-FD72-4EA5-98D2-07D0DE5215F7}.Debug|Any CPU.Build.0 = Debug|Any CPU
		{8127FC04-FD72-4EA5-98D2-07D0DE5215F7}.Debug|Mixed Platforms.ActiveCfg = Debug|Any CPU
		{8127FC04-FD72-4EA5-98D2-07D0DE5215F7}.Debug|Mixed Platforms.Build.0 = Debug|Any CPU
		{8127FC04-FD72-4EA5-98D2-07D0DE5215F7}.Debug|x86.ActiveCfg = Debug|Any CPU
		{8127FC04-FD72-4EA5-98D2-07D0DE5215F7}.Part1|Any CPU.ActiveCfg = Release|Any CPU
		{8127FC04-FD72-4EA5-98D2-07D0DE5215F7}.Part1|Any CPU.Build.0 = Release|Any CPU
		{8127FC04-FD72-4EA5-98D2-07D0DE5215F7}.Part1|Mixed Platforms.ActiveCfg = Release|Any CPU
		{8127FC04-FD72-4EA5-98D2-07D0DE5215F7}.Part1|Mixed Platforms.Build.0 = Release|Any CPU
		{8127FC04-FD72-4EA5-98D2-07D0DE5215F7}.Part1|x86.ActiveCfg = Release|Any CPU
		{8127FC04-FD72-4EA5-98D2-07D0DE5215F7}.Release|Any CPU.ActiveCfg = Release|Any CPU
		{8127FC04-FD72-4EA5-98D2-07D0DE5215F7}.Release|Any CPU.Build.0 = Release|Any CPU
		{8127FC04-FD72-4EA5-98D2-07D0DE5215F7}.Release|Mixed Platforms.ActiveCfg = Release|Any CPU
		{8127FC04-FD72-4EA5-98D2-07D0DE5215F7}.Release|Mixed Platforms.Build.0 = Release|Any CPU
		{8127FC04-FD72-4EA5-98D2-07D0DE5215F7}.Release|x86.ActiveCfg = Release|Any CPU
		{B437DF5F-20E0-4082-A92E-5C1D9C31A8E9}.Debug|Any CPU.ActiveCfg = Debug|Any CPU
		{B437DF5F-20E0-4082-A92E-5C1D9C31A8E9}.Debug|Any CPU.Build.0 = Debug|Any CPU
		{B437DF5F-20E0-4082-A92E-5C1D9C31A8E9}.Debug|Mixed Platforms.ActiveCfg = Debug|x86
		{B437DF5F-20E0-4082-A92E-5C1D9C31A8E9}.Debug|Mixed Platforms.Build.0 = Debug|x86
		{B437DF5F-20E0-4082-A92E-5C1D9C31A8E9}.Debug|x86.ActiveCfg = Debug|x86
		{B437DF5F-20E0-4082-A92E-5C1D9C31A8E9}.Debug|x86.Build.0 = Debug|x86
		{B437DF5F-20E0-4082-A92E-5C1D9C31A8E9}.Part1|Any CPU.ActiveCfg = Release|Any CPU
		{B437DF5F-20E0-4082-A92E-5C1D9C31A8E9}.Part1|Any CPU.Build.0 = Release|Any CPU
		{B437DF5F-20E0-4082-A92E-5C1D9C31A8E9}.Part1|Mixed Platforms.ActiveCfg = Release|x86
		{B437DF5F-20E0-4082-A92E-5C1D9C31A8E9}.Part1|Mixed Platforms.Build.0 = Release|x86
		{B437DF5F-20E0-4082-A92E-5C1D9C31A8E9}.Part1|x86.ActiveCfg = Release|x86
		{B437DF5F-20E0-4082-A92E-5C1D9C31A8E9}.Part1|x86.Build.0 = Release|x86
		{B437DF5F-20E0-4082-A92E-5C1D9C31A8E9}.Release|Any CPU.ActiveCfg = Release|Any CPU
		{B437DF5F-20E0-4082-A92E-5C1D9C31A8E9}.Release|Any CPU.Build.0 = Release|Any CPU
		{B437DF5F-20E0-4082-A92E-5C1D9C31A8E9}.Release|Mixed Platforms.ActiveCfg = Release|x86
		{B437DF5F-20E0-4082-A92E-5C1D9C31A8E9}.Release|Mixed Platforms.Build.0 = Release|x86
		{B437DF5F-20E0-4082-A92E-5C1D9C31A8E9}.Release|x86.ActiveCfg = Release|x86
		{B437DF5F-20E0-4082-A92E-5C1D9C31A8E9}.Release|x86.Build.0 = Release|x86
		{0743D452-8C36-42C3-85E0-9088CF251EF5}.Debug|Any CPU.ActiveCfg = Debug|Any CPU
		{0743D452-8C36-42C3-85E0-9088CF251EF5}.Debug|Any CPU.Build.0 = Debug|Any CPU
		{0743D452-8C36-42C3-85E0-9088CF251EF5}.Debug|Mixed Platforms.ActiveCfg = Debug|Any CPU
		{0743D452-8C36-42C3-85E0-9088CF251EF5}.Debug|Mixed Platforms.Build.0 = Debug|Any CPU
		{0743D452-8C36-42C3-85E0-9088CF251EF5}.Debug|x86.ActiveCfg = Debug|Any CPU
		{0743D452-8C36-42C3-85E0-9088CF251EF5}.Part1|Any CPU.ActiveCfg = Release|Any CPU
		{0743D452-8C36-42C3-85E0-9088CF251EF5}.Part1|Any CPU.Build.0 = Release|Any CPU
		{0743D452-8C36-42C3-85E0-9088CF251EF5}.Part1|Mixed Platforms.ActiveCfg = Release|Any CPU
		{0743D452-8C36-42C3-85E0-9088CF251EF5}.Part1|Mixed Platforms.Build.0 = Release|Any CPU
		{0743D452-8C36-42C3-85E0-9088CF251EF5}.Part1|x86.ActiveCfg = Release|Any CPU
		{0743D452-8C36-42C3-85E0-9088CF251EF5}.Release|Any CPU.ActiveCfg = Release|Any CPU
		{0743D452-8C36-42C3-85E0-9088CF251EF5}.Release|Any CPU.Build.0 = Release|Any CPU
		{0743D452-8C36-42C3-85E0-9088CF251EF5}.Release|Mixed Platforms.ActiveCfg = Release|Any CPU
		{0743D452-8C36-42C3-85E0-9088CF251EF5}.Release|Mixed Platforms.Build.0 = Release|Any CPU
		{0743D452-8C36-42C3-85E0-9088CF251EF5}.Release|x86.ActiveCfg = Release|Any CPU
		{E7294BEC-5ACF-435E-8D65-D123C04925CC}.Debug|Any CPU.ActiveCfg = Debug|Any CPU
		{E7294BEC-5ACF-435E-8D65-D123C04925CC}.Debug|Any CPU.Build.0 = Debug|Any CPU
		{E7294BEC-5ACF-435E-8D65-D123C04925CC}.Debug|Mixed Platforms.ActiveCfg = Debug|Any CPU
		{E7294BEC-5ACF-435E-8D65-D123C04925CC}.Debug|Mixed Platforms.Build.0 = Debug|Any CPU
		{E7294BEC-5ACF-435E-8D65-D123C04925CC}.Debug|x86.ActiveCfg = Debug|Any CPU
		{E7294BEC-5ACF-435E-8D65-D123C04925CC}.Part1|Any CPU.ActiveCfg = Release|Any CPU
		{E7294BEC-5ACF-435E-8D65-D123C04925CC}.Part1|Any CPU.Build.0 = Release|Any CPU
		{E7294BEC-5ACF-435E-8D65-D123C04925CC}.Part1|Mixed Platforms.ActiveCfg = Release|Any CPU
		{E7294BEC-5ACF-435E-8D65-D123C04925CC}.Part1|Mixed Platforms.Build.0 = Release|Any CPU
		{E7294BEC-5ACF-435E-8D65-D123C04925CC}.Part1|x86.ActiveCfg = Release|Any CPU
		{E7294BEC-5ACF-435E-8D65-D123C04925CC}.Release|Any CPU.ActiveCfg = Release|Any CPU
		{E7294BEC-5ACF-435E-8D65-D123C04925CC}.Release|Any CPU.Build.0 = Release|Any CPU
		{E7294BEC-5ACF-435E-8D65-D123C04925CC}.Release|Mixed Platforms.ActiveCfg = Release|Any CPU
		{E7294BEC-5ACF-435E-8D65-D123C04925CC}.Release|Mixed Platforms.Build.0 = Release|Any CPU
		{E7294BEC-5ACF-435E-8D65-D123C04925CC}.Release|x86.ActiveCfg = Release|Any CPU
		{466D0B5E-2BF7-4F0C-BE2C-54393403800E}.Debug|Any CPU.ActiveCfg = Debug|Any CPU
		{466D0B5E-2BF7-4F0C-BE2C-54393403800E}.Debug|Any CPU.Build.0 = Debug|Any CPU
		{466D0B5E-2BF7-4F0C-BE2C-54393403800E}.Debug|Mixed Platforms.ActiveCfg = Debug|Any CPU
		{466D0B5E-2BF7-4F0C-BE2C-54393403800E}.Debug|Mixed Platforms.Build.0 = Debug|Any CPU
		{466D0B5E-2BF7-4F0C-BE2C-54393403800E}.Debug|x86.ActiveCfg = Debug|Any CPU
		{466D0B5E-2BF7-4F0C-BE2C-54393403800E}.Part1|Any CPU.ActiveCfg = Release|Any CPU
		{466D0B5E-2BF7-4F0C-BE2C-54393403800E}.Part1|Any CPU.Build.0 = Release|Any CPU
		{466D0B5E-2BF7-4F0C-BE2C-54393403800E}.Part1|Mixed Platforms.ActiveCfg = Release|Any CPU
		{466D0B5E-2BF7-4F0C-BE2C-54393403800E}.Part1|Mixed Platforms.Build.0 = Release|Any CPU
		{466D0B5E-2BF7-4F0C-BE2C-54393403800E}.Part1|x86.ActiveCfg = Release|Any CPU
		{466D0B5E-2BF7-4F0C-BE2C-54393403800E}.Release|Any CPU.ActiveCfg = Release|Any CPU
		{466D0B5E-2BF7-4F0C-BE2C-54393403800E}.Release|Any CPU.Build.0 = Release|Any CPU
		{466D0B5E-2BF7-4F0C-BE2C-54393403800E}.Release|Mixed Platforms.ActiveCfg = Release|Any CPU
		{466D0B5E-2BF7-4F0C-BE2C-54393403800E}.Release|Mixed Platforms.Build.0 = Release|Any CPU
		{466D0B5E-2BF7-4F0C-BE2C-54393403800E}.Release|x86.ActiveCfg = Release|Any CPU
		{67CA57DB-0F28-4235-84F9-36A9AF320E9F}.Debug|Any CPU.ActiveCfg = Debug|Any CPU
		{67CA57DB-0F28-4235-84F9-36A9AF320E9F}.Debug|Any CPU.Build.0 = Debug|Any CPU
		{67CA57DB-0F28-4235-84F9-36A9AF320E9F}.Debug|Mixed Platforms.ActiveCfg = Debug|Any CPU
		{67CA57DB-0F28-4235-84F9-36A9AF320E9F}.Debug|Mixed Platforms.Build.0 = Debug|Any CPU
		{67CA57DB-0F28-4235-84F9-36A9AF320E9F}.Debug|x86.ActiveCfg = Debug|Any CPU
		{67CA57DB-0F28-4235-84F9-36A9AF320E9F}.Part1|Any CPU.ActiveCfg = Release|Any CPU
		{67CA57DB-0F28-4235-84F9-36A9AF320E9F}.Part1|Any CPU.Build.0 = Release|Any CPU
		{67CA57DB-0F28-4235-84F9-36A9AF320E9F}.Part1|Mixed Platforms.ActiveCfg = Release|Any CPU
		{67CA57DB-0F28-4235-84F9-36A9AF320E9F}.Part1|Mixed Platforms.Build.0 = Release|Any CPU
		{67CA57DB-0F28-4235-84F9-36A9AF320E9F}.Part1|x86.ActiveCfg = Release|Any CPU
		{67CA57DB-0F28-4235-84F9-36A9AF320E9F}.Release|Any CPU.ActiveCfg = Release|Any CPU
		{67CA57DB-0F28-4235-84F9-36A9AF320E9F}.Release|Any CPU.Build.0 = Release|Any CPU
		{67CA57DB-0F28-4235-84F9-36A9AF320E9F}.Release|Mixed Platforms.ActiveCfg = Release|Any CPU
		{67CA57DB-0F28-4235-84F9-36A9AF320E9F}.Release|Mixed Platforms.Build.0 = Release|Any CPU
		{67CA57DB-0F28-4235-84F9-36A9AF320E9F}.Release|x86.ActiveCfg = Release|Any CPU
	EndGlobalSection
	GlobalSection(SolutionProperties) = preSolution
		HideSolutionNode = FALSE
	EndGlobalSection
	GlobalSection(NestedProjects) = preSolution
		{26793B51-70AB-495A-A42F-41A9AD1D75AF} = {F6792BA5-BA14-4680-9352-41AAFFC7CF17}
		{B4551902-367C-4643-8828-76886B803623} = {F6792BA5-BA14-4680-9352-41AAFFC7CF17}
		{C1481D16-78E0-4DB6-853B-94D9CCE5B612} = {F6792BA5-BA14-4680-9352-41AAFFC7CF17}
		{FB8BD2A6-FE2C-4F11-9F22-9EBE2CDA1326} = {F6792BA5-BA14-4680-9352-41AAFFC7CF17}
		{006331CF-1915-40AA-ADB8-599C297D9778} = {F6792BA5-BA14-4680-9352-41AAFFC7CF17}
		{D133EE97-0B16-4313-8731-0614583315E2} = {E57A8E7E-ACCF-42CA-A803-1E99A54A1E44}
		{004EEAEA-85F7-4390-85DA-4EC5B51B01AC} = {09589614-3436-440F-B295-E315675629F5}
		{8C76935B-AEBA-4F23-A3F5-18B4C37CF25E} = {09589614-3436-440F-B295-E315675629F5}
		{944BF411-B564-4D98-9262-FAC3B1B91C89} = {09589614-3436-440F-B295-E315675629F5}
		{E26BC89B-3B66-4E96-8FE2-655BD10CFB1B} = {61726301-2D75-4185-9858-986CD8369FCB}
		{022EDA6A-0B76-44C3-A530-8312C1B40030} = {61726301-2D75-4185-9858-986CD8369FCB}
		{58BA8AB4-79AB-41EA-A2AC-63784BF600C1} = {61726301-2D75-4185-9858-986CD8369FCB}
		{F1184637-2A1A-450D-95FB-48DF6330517D} = {61726301-2D75-4185-9858-986CD8369FCB}
		{8127FC04-FD72-4EA5-98D2-07D0DE5215F7} = {61726301-2D75-4185-9858-986CD8369FCB}
		{B437DF5F-20E0-4082-A92E-5C1D9C31A8E9} = {A268485A-74EF-441F-ACF4-FE8B96DE6309}
		{0743D452-8C36-42C3-85E0-9088CF251EF5} = {09589614-3436-440F-B295-E315675629F5}
		{E7294BEC-5ACF-435E-8D65-D123C04925CC} = {0AC8505B-C657-42CD-810E-E581F1949A15}
		{466D0B5E-2BF7-4F0C-BE2C-54393403800E} = {F6792BA5-BA14-4680-9352-41AAFFC7CF17}
		{67CA57DB-0F28-4235-84F9-36A9AF320E9F} = {F6792BA5-BA14-4680-9352-41AAFFC7CF17}
	EndGlobalSection
EndGlobal
